
Microsoft Visual Studio Solution File, Format Version 12.00
# Visual Studio Version 16
VisualStudioVersion = 16.0.31702.278
MinimumVisualStudioVersion = 10.0.40219.1
Project("{FAE04EC0-301F-11D3-BF4B-00C04F79EFBC}") = "PhotoSharingApplication", "PhotoSharingApplication\PhotoSharingApplication.csproj", "{AC5BFF68-F610-498B-9970-5E63744049A7}"
EndProject
Global
	GlobalSection(SolutionConfigurationPlatforms) = preSolution
		Debug|Any CPU = Debug|Any CPU
		Release|Any CPU = Release|Any CPU
	EndGlobalSection
	GlobalSection(ProjectConfigurationPlatforms) = postSolution
		{AC5BFF68-F610-498B-9970-5E63744049A7}.Debug|Any CPU.ActiveCfg = Debug|Any CPU
		{AC5BFF68-F610-498B-9970-5E63744049A7}.Debug|Any CPU.Build.0 = Debug|Any CPU
		{AC5BFF68-F610-498B-9970-5E63744049A7}.Release|Any CPU.ActiveCfg = Release|Any CPU
		{AC5BFF68-F610-498B-9970-5E63744049A7}.Release|Any CPU.Build.0 = Release|Any CPU
	EndGlobalSection
	GlobalSection(SolutionProperties) = preSolution
		HideSolutionNode = FALSE
	EndGlobalSection
	GlobalSection(ExtensibilityGlobals) = postSolution
		SolutionGuid = {4A461CAE-4FF5-4E81-A83A-9CA6CFC82028}
	EndGlobalSection
EndGlobal
